# This file is autogenerated, do not edit; changes may be undone by the next 'dep ensure'.


[[projects]]
  branch = "master"
  digest = "1:38b147752ea16bbd2e6f76d2d3ee7ba5cc632c32fed6a30230f3dc028dcb70d2"
  name = "github.com/LOAFLE/annotation-go"
  packages = ["."]
  pruneopts = "UT"
  revision = "9fa1738c25a13334b9f58d7347ea1200183a3690"

[[projects]]
  branch = "master"
  digest = "1:0a89bb0c7c1bae379b5bae39876ddcbbc70d5cd009d13e6b9b88b0944d47ac51"
  name = "github.com/LOAFLE/di-go"
  packages = ["annotation"]
  pruneopts = "UT"
  revision = "88b1c4c2e0123dd130008608c00a0be5f7215e1b"

[[projects]]
  branch = "master"
  digest = "1:df55db6bbb4459f22ffb9a80474e50cbf0d46efecb3e7f1dd0c8460f7e6bbdbc"
  name = "github.com/LOAFLE/util-go"
  packages = ["reflect"]
  pruneopts = "UT"
  revision = "c06889aa8cdca4800ead3d5459b145cf4da56d7e"

[[projects]]
  digest = "1:4d2e5a73dc1500038e504a8d78b986630e3626dc027bc030ba5c75da257cdb96"
  name = "gopkg.in/yaml.v2"
  packages = ["."]
  pruneopts = "UT"
  revision = "51d6538a90f86fe93ac480b35f37b2be17fef232"
  version = "v2.2.2"

[solve-meta]
  analyzer-name = "dep"
  analyzer-version = 1
  input-imports = [
    "github.com/LOAFLE/annotation-go",
    "github.com/LOAFLE/di-go/annotation",
    "github.com/LOAFLE/util-go/reflect",
  ]
  solver-name = "gps-cdcl"
  solver-version = 1
